// !$*UTF8*$!
{
	archiveVersion = 1;
	classes = {
	};
	objectVersion = 56;
	objects = {

/* Begin PBXBuildFile section */
		7535FA00298CB73D0032B4DD /* SessionManager.m in Sources */ = {isa = PBXBuildFile; fileRef = 7535F9FF298CB73D0032B4DD /* SessionManager.m */; };
		75401DFA298F4E1D005C3F73 /* TableViewHeaderView.m in Sources */ = {isa = PBXBuildFile; fileRef = 75401DF9298F4E1D005C3F73 /* TableViewHeaderView.m */; };
		75401E0C29975D6F005C3F73 /* CollectionViewCell.m in Sources */ = {isa = PBXBuildFile; fileRef = 75401E0B29975D6F005C3F73 /* CollectionViewCell.m */; };
		75401E0F2997D59D005C3F73 /* BannerSessionManager.m in Sources */ = {isa = PBXBuildFile; fileRef = 75401E0E2997D59D005C3F73 /* BannerSessionManager.m */; };
		75401E122997FE97005C3F73 /* BannerModel.m in Sources */ = {isa = PBXBuildFile; fileRef = 75401E112997FE97005C3F73 /* BannerModel.m */; };
		75401E14299BA055005C3F73 /* Assets.xcassets in Resources */ = {isa = PBXBuildFile; fileRef = 75401E13299BA055005C3F73 /* Assets.xcassets */; };
		75401E1A299BB93B005C3F73 /* ExtraSessionManager.m in Sources */ = {isa = PBXBuildFile; fileRef = 75401E19299BB93B005C3F73 /* ExtraSessionManager.m */; };
		75401E2C29B33C0D005C3F73 /* LoginViewController.m in Sources */ = {isa = PBXBuildFile; fileRef = 75401E2B29B33C0D005C3F73 /* LoginViewController.m */; };
		75CA1C30298800A40085F701 /* AppDelegate.m in Sources */ = {isa = PBXBuildFile; fileRef = 75CA1C2F298800A40085F701 /* AppDelegate.m */; };
		75CA1C33298800A40085F701 /* SceneDelegate.m in Sources */ = {isa = PBXBuildFile; fileRef = 75CA1C32298800A40085F701 /* SceneDelegate.m */; };
		75CA1C36298800A40085F701 /* ViewController.m in Sources */ = {isa = PBXBuildFile; fileRef = 75CA1C35298800A40085F701 /* ViewController.m */; };
		75CA1C39298800A40085F701 /* Main.storyboard in Resources */ = {isa = PBXBuildFile; fileRef = 75CA1C37298800A40085F701 /* Main.storyboard */; };
		75CA1C3E298800A40085F701 /* LaunchScreen.storyboard in Resources */ = {isa = PBXBuildFile; fileRef = 75CA1C3C298800A40085F701 /* LaunchScreen.storyboard */; };
		75CA1C41298800A40085F701 /* main.m in Sources */ = {isa = PBXBuildFile; fileRef = 75CA1C40298800A40085F701 /* main.m */; };
		75CA1C492988D06A0085F701 /* Model.m in Sources */ = {isa = PBXBuildFile; fileRef = 75CA1C482988D06A0085F701 /* Model.m */; };
		75CA1C55298A41CF0085F701 /* TableViewCell.m in Sources */ = {isa = PBXBuildFile; fileRef = 75CA1C54298A41CF0085F701 /* TableViewCell.m */; };
		75CA1C83298BA21A0085F701 /* NewsViewController.m in Sources */ = {isa = PBXBuildFile; fileRef = 75CA1C82298BA21A0085F701 /* NewsViewController.m */; };
		A5A3CB000E1EAC22AB72544C /* Pods_ZhihuDaily.framework in Frameworks */ = {isa = PBXBuildFile; fileRef = 5347E5FC86C1E8E877BE0DAD /* Pods_ZhihuDaily.framework */; };
/* End PBXBuildFile section */

/* Begin PBXFileReference section */
		5347E5FC86C1E8E877BE0DAD /* Pods_ZhihuDaily.framework */ = {isa = PBXFileReference; explicitFileType = wrapper.framework; includeInIndex = 0; path = Pods_ZhihuDaily.framework; sourceTree = BUILT_PRODUCTS_DIR; };
		54272A8FFA84EA727F2525CC /* Pods-ZhihuDaily.debug.xcconfig */ = {isa = PBXFileReference; includeInIndex = 1; lastKnownFileType = text.xcconfig; name = "Pods-ZhihuDaily.debug.xcconfig"; path = "Target Support Files/Pods-ZhihuDaily/Pods-ZhihuDaily.debug.xcconfig"; sourceTree = "<group>"; };
		7535F9FE298CB73D0032B4DD /* SessionManager.h */ = {isa = PBXFileReference; lastKnownFileType = sourcecode.c.h; path = SessionManager.h; sourceTree = "<group>"; };
		7535F9FF298CB73D0032B4DD /* SessionManager.m */ = {isa = PBXFileReference; lastKnownFileType = sourcecode.c.objc; path = SessionManager.m; sourceTree = "<group>"; };
		75401DF8298F4E1D005C3F73 /* TableViewHeaderView.h */ = {isa = PBXFileReference; lastKnownFileType = sourcecode.c.h; path = TableViewHeaderView.h; sourceTree = "<group>"; };
		75401DF9298F4E1D005C3F73 /* TableViewHeaderView.m */ = {isa = PBXFileReference; lastKnownFileType = sourcecode.c.objc; path = TableViewHeaderView.m; sourceTree = "<group>"; };
		75401E0A29975D6F005C3F73 /* CollectionViewCell.h */ = {isa = PBXFileReference; lastKnownFileType = sourcecode.c.h; path = CollectionViewCell.h; sourceTree = "<group>"; };
		75401E0B29975D6F005C3F73 /* CollectionViewCell.m */ = {isa = PBXFileReference; lastKnownFileType = sourcecode.c.objc; path = CollectionViewCell.m; sourceTree = "<group>"; };
		75401E0D2997D59D005C3F73 /* BannerSessionManager.h */ = {isa = PBXFileReference; lastKnownFileType = sourcecode.c.h; path = BannerSessionManager.h; sourceTree = "<group>"; };
		75401E0E2997D59D005C3F73 /* BannerSessionManager.m */ = {isa = PBXFileReference; lastKnownFileType = sourcecode.c.objc; path = BannerSessionManager.m; sourceTree = "<group>"; };
		75401E102997FE97005C3F73 /* BannerModel.h */ = {isa = PBXFileReference; lastKnownFileType = sourcecode.c.h; path = BannerModel.h; sourceTree = "<group>"; };
		75401E112997FE97005C3F73 /* BannerModel.m */ = {isa = PBXFileReference; lastKnownFileType = sourcecode.c.objc; path = BannerModel.m; sourceTree = "<group>"; };
		75401E13299BA055005C3F73 /* Assets.xcassets */ = {isa = PBXFileReference; lastKnownFileType = folder.assetcatalog; name = Assets.xcassets; path = "../../../../Downloads/Max-s-ZhihuDaily-main/ZhihuDaily/Assets.xcassets"; sourceTree = "<group>"; };
		75401E18299BB93B005C3F73 /* ExtraSessionManager.h */ = {isa = PBXFileReference; lastKnownFileType = sourcecode.c.h; path = ExtraSessionManager.h; sourceTree = "<group>"; };
		75401E19299BB93B005C3F73 /* ExtraSessionManager.m */ = {isa = PBXFileReference; lastKnownFileType = sourcecode.c.objc; path = ExtraSessionManager.m; sourceTree = "<group>"; };
		75401E2A29B33C0D005C3F73 /* LoginViewController.h */ = {isa = PBXFileReference; fileEncoding = 4; lastKnownFileType = sourcecode.c.h; path = LoginViewController.h; sourceTree = "<group>"; };
		75401E2B29B33C0D005C3F73 /* LoginViewController.m */ = {isa = PBXFileReference; fileEncoding = 4; lastKnownFileType = sourcecode.c.objc; path = LoginViewController.m; sourceTree = "<group>"; };
		75CA1C2B298800A40085F701 /* ZhihuDaily.app */ = {isa = PBXFileReference; explicitFileType = wrapper.application; includeInIndex = 0; path = ZhihuDaily.app; sourceTree = BUILT_PRODUCTS_DIR; };
		75CA1C2E298800A40085F701 /* AppDelegate.h */ = {isa = PBXFileReference; lastKnownFileType = sourcecode.c.h; path = AppDelegate.h; sourceTree = "<group>"; };
		75CA1C2F298800A40085F701 /* AppDelegate.m */ = {isa = PBXFileReference; lastKnownFileType = sourcecode.c.objc; path = AppDelegate.m; sourceTree = "<group>"; };
		75CA1C31298800A40085F701 /* SceneDelegate.h */ = {isa = PBXFileReference; lastKnownFileType = sourcecode.c.h; path = SceneDelegate.h; sourceTree = "<group>"; };
		75CA1C32298800A40085F701 /* SceneDelegate.m */ = {isa = PBXFileReference; lastKnownFileType = sourcecode.c.objc; path = SceneDelegate.m; sourceTree = "<group>"; };
		75CA1C34298800A40085F701 /* ViewController.h */ = {isa = PBXFileReference; lastKnownFileType = sourcecode.c.h; path = ViewController.h; sourceTree = "<group>"; };
		75CA1C35298800A40085F701 /* ViewController.m */ = {isa = PBXFileReference; lastKnownFileType = sourcecode.c.objc; path = ViewController.m; sourceTree = "<group>"; };
		75CA1C38298800A40085F701 /* Base */ = {isa = PBXFileReference; lastKnownFileType = file.storyboard; name = Base; path = Base.lproj/Main.storyboard; sourceTree = "<group>"; };
		75CA1C3D298800A40085F701 /* Base */ = {isa = PBXFileReference; lastKnownFileType = file.storyboard; name = Base; path = Base.lproj/LaunchScreen.storyboard; sourceTree = "<group>"; };
		75CA1C3F298800A40085F701 /* Info.plist */ = {isa = PBXFileReference; lastKnownFileType = text.plist.xml; path = Info.plist; sourceTree = "<group>"; };
		75CA1C40298800A40085F701 /* main.m */ = {isa = PBXFileReference; lastKnownFileType = sourcecode.c.objc; path = main.m; sourceTree = "<group>"; };
		75CA1C472988D06A0085F701 /* Model.h */ = {isa = PBXFileReference; lastKnownFileType = sourcecode.c.h; path = Model.h; sourceTree = "<group>"; };
		75CA1C482988D06A0085F701 /* Model.m */ = {isa = PBXFileReference; lastKnownFileType = sourcecode.c.objc; path = Model.m; sourceTree = "<group>"; };
		75CA1C53298A41CF0085F701 /* TableViewCell.h */ = {isa = PBXFileReference; lastKnownFileType = sourcecode.c.h; path = TableViewCell.h; sourceTree = "<group>"; };
		75CA1C54298A41CF0085F701 /* TableViewCell.m */ = {isa = PBXFileReference; lastKnownFileType = sourcecode.c.objc; path = TableViewCell.m; sourceTree = "<group>"; };
		75CA1C81298BA21A0085F701 /* NewsViewController.h */ = {isa = PBXFileReference; lastKnownFileType = sourcecode.c.h; path = NewsViewController.h; sourceTree = "<group>"; };
		75CA1C82298BA21A0085F701 /* NewsViewController.m */ = {isa = PBXFileReference; lastKnownFileType = sourcecode.c.objc; path = NewsViewController.m; sourceTree = "<group>"; };
		E5E74A7C1D652F6E3F0BFE66 /* Pods-ZhihuDaily.release.xcconfig */ = {isa = PBXFileReference; includeInIndex = 1; lastKnownFileType = text.xcconfig; name = "Pods-ZhihuDaily.release.xcconfig"; path = "Target Support Files/Pods-ZhihuDaily/Pods-ZhihuDaily.release.xcconfig"; sourceTree = "<group>"; };
/* End PBXFileReference section */

/* Begin PBXFrameworksBuildPhase section */
		75CA1C28298800A40085F701 /* Frameworks */ = {
			isa = PBXFrameworksBuildPhase;
			buildActionMask = 2147483647;
			files = (
				A5A3CB000E1EAC22AB72544C /* Pods_ZhihuDaily.framework in Frameworks */,
			);
			runOnlyForDeploymentPostprocessing = 0;
		};
/* End PBXFrameworksBuildPhase section */

/* Begin PBXGroup section */
		165540D7B0FF464D34C4EFF3 /* Frameworks */ = {
			isa = PBXGroup;
			children = (
				5347E5FC86C1E8E877BE0DAD /* Pods_ZhihuDaily.framework */,
			);
			name = Frameworks;
			sourceTree = "<group>";
		};
		75CA1C22298800A40085F701 = {
			isa = PBXGroup;
			children = (
				75CA1C2D298800A40085F701 /* ZhihuDaily */,
				75CA1C2C298800A40085F701 /* Products */,
				A685AD13C9158E1D2CBCB41E /* Pods */,
				165540D7B0FF464D34C4EFF3 /* Frameworks */,
			);
			sourceTree = "<group>";
		};
		75CA1C2C298800A40085F701 /* Products */ = {
			isa = PBXGroup;
			children = (
				75CA1C2B298800A40085F701 /* ZhihuDaily.app */,
			);
			name = Products;
			sourceTree = "<group>";
		};
		75CA1C2D298800A40085F701 /* ZhihuDaily */ = {
			isa = PBXGroup;
			children = (
				75CA1C2E298800A40085F701 /* AppDelegate.h */,
				75CA1C2F298800A40085F701 /* AppDelegate.m */,
				75CA1C31298800A40085F701 /* SceneDelegate.h */,
				75CA1C32298800A40085F701 /* SceneDelegate.m */,
				75CA1C34298800A40085F701 /* ViewController.h */,
				75CA1C35298800A40085F701 /* ViewController.m */,
				75CA1C81298BA21A0085F701 /* NewsViewController.h */,
				75CA1C82298BA21A0085F701 /* NewsViewController.m */,
				75401E2A29B33C0D005C3F73 /* LoginViewController.h */,
				75401E2B29B33C0D005C3F73 /* LoginViewController.m */,
				75CA1C53298A41CF0085F701 /* TableViewCell.h */,
				75CA1C54298A41CF0085F701 /* TableViewCell.m */,
				75401E0A29975D6F005C3F73 /* CollectionViewCell.h */,
				75401E0B29975D6F005C3F73 /* CollectionViewCell.m */,
				75401DF8298F4E1D005C3F73 /* TableViewHeaderView.h */,
				75401DF9298F4E1D005C3F73 /* TableViewHeaderView.m */,
				75CA1C37298800A40085F701 /* Main.storyboard */,
				75401E13299BA055005C3F73 /* Assets.xcassets */,
				75CA1C3C298800A40085F701 /* LaunchScreen.storyboard */,
				75CA1C3F298800A40085F701 /* Info.plist */,
				75CA1C40298800A40085F701 /* main.m */,
				75CA1C472988D06A0085F701 /* Model.h */,
				75CA1C482988D06A0085F701 /* Model.m */,
				75401E102997FE97005C3F73 /* BannerModel.h */,
				75401E112997FE97005C3F73 /* BannerModel.m */,
				7535F9FE298CB73D0032B4DD /* SessionManager.h */,
				7535F9FF298CB73D0032B4DD /* SessionManager.m */,
				75401E0D2997D59D005C3F73 /* BannerSessionManager.h */,
				75401E0E2997D59D005C3F73 /* BannerSessionManager.m */,
				75401E18299BB93B005C3F73 /* ExtraSessionManager.h */,
				75401E19299BB93B005C3F73 /* ExtraSessionManager.m */,
			);
			path = ZhihuDaily;
			sourceTree = "<group>";
		};
		A685AD13C9158E1D2CBCB41E /* Pods */ = {
			isa = PBXGroup;
			children = (
				54272A8FFA84EA727F2525CC /* Pods-ZhihuDaily.debug.xcconfig */,
				E5E74A7C1D652F6E3F0BFE66 /* Pods-ZhihuDaily.release.xcconfig */,
			);
			path = Pods;
			sourceTree = "<group>";
		};
/* End PBXGroup section */

/* Begin PBXNativeTarget section */
		75CA1C2A298800A40085F701 /* ZhihuDaily */ = {
			isa = PBXNativeTarget;
			buildConfigurationList = 75CA1C44298800A40085F701 /* Build configuration list for PBXNativeTarget "ZhihuDaily" */;
			buildPhases = (
				4E2C036DF9A72340A1E2702F /* [CP] Check Pods Manifest.lock */,
				75CA1C27298800A40085F701 /* Sources */,
				75CA1C28298800A40085F701 /* Frameworks */,
				75CA1C29298800A40085F701 /* Resources */,
				81CF26D680E2662E257BB9A2 /* [CP] Embed Pods Frameworks */,
			);
			buildRules = (
			);
			dependencies = (
			);
			name = ZhihuDaily;
			productName = ZhihuDaily;
			productReference = 75CA1C2B298800A40085F701 /* ZhihuDaily.app */;
			productType = "com.apple.product-type.application";
		};
/* End PBXNativeTarget section */

/* Begin PBXProject section */
		75CA1C23298800A40085F701 /* Project object */ = {
			isa = PBXProject;
			attributes = {
				BuildIndependentTargetsInParallel = 1;
				LastUpgradeCheck = 1420;
				TargetAttributes = {
					75CA1C2A298800A40085F701 = {
						CreatedOnToolsVersion = 14.2;
					};
				};
			};
			buildConfigurationList = 75CA1C26298800A40085F701 /* Build configuration list for PBXProject "ZhihuDaily" */;
			compatibilityVersion = "Xcode 14.0";
			developmentRegion = en;
			hasScannedForEncodings = 0;
			knownRegions = (
				en,
				Base,
			);
			mainGroup = 75CA1C22298800A40085F701;
			productRefGroup = 75CA1C2C298800A40085F701 /* Products */;
			projectDirPath = "";
			projectRoot = "";
			targets = (
				75CA1C2A298800A40085F701 /* ZhihuDaily */,
			);
		};
/* End PBXProject section */

/* Begin PBXResourcesBuildPhase section */
		75CA1C29298800A40085F701 /* Resources */ = {
			isa = PBXResourcesBuildPhase;
			buildActionMask = 2147483647;
			files = (
				75CA1C3E298800A40085F701 /* LaunchScreen.storyboard in Resources */,
				75401E14299BA055005C3F73 /* Assets.xcassets in Resources */,
				75CA1C39298800A40085F701 /* Main.storyboard in Resources */,
			);
			runOnlyForDeploymentPostprocessing = 0;
		};
/* End PBXResourcesBuildPhase section */

/* Begin PBXShellScriptBuildPhase section */
		4E2C036DF9A72340A1E2702F /* [CP] Check Pods Manifest.lock */ = {
			isa = PBXShellScriptBuildPhase;
			buildActionMask = 2147483647;
			files = (
			);
			inputFileListPaths = (
			);
			inputPaths = (
				"${PODS_PODFILE_DIR_PATH}/Podfile.lock",
				"${PODS_ROOT}/Manifest.lock",
			);
			name = "[CP] Check Pods Manifest.lock";
			outputFileListPaths = (
			);
			outputPaths = (
				"$(DERIVED_FILE_DIR)/Pods-ZhihuDaily-checkManifestLockResult.txt",
			);
			runOnlyForDeploymentPostprocessing = 0;
			shellPath = /bin/sh;
			shellScript = "diff \"${PODS_PODFILE_DIR_PATH}/Podfile.lock\" \"${PODS_ROOT}/Manifest.lock\" > /dev/null\nif [ $? != 0 ] ; then\n    # print error to STDERR\n    echo \"error: The sandbox is not in sync with the Podfile.lock. Run 'pod install' or update your CocoaPods installation.\" >&2\n    exit 1\nfi\n# This output is used by Xcode 'outputs' to avoid re-running this script phase.\necho \"SUCCESS\" > \"${SCRIPT_OUTPUT_FILE_0}\"\n";
			showEnvVarsInLog = 0;
		};
		81CF26D680E2662E257BB9A2 /* [CP] Embed Pods Frameworks */ = {
			isa = PBXShellScriptBuildPhase;
			buildActionMask = 2147483647;
			files = (
			);
			inputFileListPaths = (
				"${PODS_ROOT}/Target Support Files/Pods-ZhihuDaily/Pods-ZhihuDaily-frameworks-${CONFIGURATION}-input-files.xcfilelist",
			);
			name = "[CP] Embed Pods Frameworks";
			outputFileListPaths = (
				"${PODS_ROOT}/Target Support Files/Pods-ZhihuDaily/Pods-ZhihuDaily-frameworks-${CONFIGURATION}-output-files.xcfilelist",
			);
			runOnlyForDeploymentPostprocessing = 0;
			shellPath = /bin/sh;
			shellScript = "\"${PODS_ROOT}/Target Support Files/Pods-ZhihuDaily/Pods-ZhihuDaily-frameworks.sh\"\n";
			showEnvVarsInLog = 0;
		};
/* End PBXShellScriptBuildPhase section */

/* Begin PBXSourcesBuildPhase section */
		75CA1C27298800A40085F701 /* Sources */ = {
			isa = PBXSourcesBuildPhase;
			buildActionMask = 2147483647;
			files = (
				75401DFA298F4E1D005C3F73 /* TableViewHeaderView.m in Sources */,
				75401E1A299BB93B005C3F73 /* ExtraSessionManager.m in Sources */,
				75CA1C36298800A40085F701 /* ViewController.m in Sources */,
				75CA1C55298A41CF0085F701 /* TableViewCell.m in Sources */,
				75401E0F2997D59D005C3F73 /* BannerSessionManager.m in Sources */,
				7535FA00298CB73D0032B4DD /* SessionManager.m in Sources */,
				75CA1C30298800A40085F701 /* AppDelegate.m in Sources */,
				75CA1C41298800A40085F701 /* main.m in Sources */,
				75401E122997FE97005C3F73 /* BannerModel.m in Sources */,
				75401E0C29975D6F005C3F73 /* CollectionViewCell.m in Sources */,
				75CA1C33298800A40085F701 /* SceneDelegate.m in Sources */,
				75CA1C492988D06A0085F701 /* Model.m in Sources */,
				75CA1C83298BA21A0085F701 /* NewsViewController.m in Sources */,
				75401E2C29B33C0D005C3F73 /* LoginViewController.m in Sources */,
			);
			runOnlyForDeploymentPostprocessing = 0;
		};
/* End PBXSourcesBuildPhase section */

/* Begin PBXVariantGroup section */
		75CA1C37298800A40085F701 /* Main.storyboard */ = {
			isa = PBXVariantGroup;
			children = (
				75CA1C38298800A40085F701 /* Base */,
			);
			name = Main.storyboard;
			sourceTree = "<group>";
		};
		75CA1C3C298800A40085F701 /* LaunchScreen.storyboard */ = {
			isa = PBXVariantGroup;
			children = (
				75CA1C3D298800A40085F701 /* Base */,
			);
			name = LaunchScreen.storyboard;
			sourceTree = "<group>";
		};
/* End PBXVariantGroup section */

/* Begin XCBuildConfiguration section */
		75CA1C42298800A40085F701 /* Debug */ = {
			isa = XCBuildConfiguration;
			buildSettings = {
				ALWAYS_SEARCH_USER_PATHS = NO;
				CLANG_ANALYZER_NONNULL = YES;
				CLANG_ANALYZER_NUMBER_OBJECT_CONVERSION = YES_AGGRESSIVE;
				CLANG_CXX_LANGUAGE_STANDARD = "gnu++20";
				CLANG_ENABLE_MODULES = YES;
				CLANG_ENABLE_OBJC_ARC = YES;
				CLANG_ENABLE_OBJC_WEAK = YES;
				CLANG_WARN_BLOCK_CAPTURE_AUTORELEASING = YES;
				CLANG_WARN_BOOL_CONVERSION = YES;
				CLANG_WARN_COMMA = YES;
				CLANG_WARN_CONSTANT_CONVERSION = YES;
				CLANG_WARN_DEPRECATED_OBJC_IMPLEMENTATIONS = YES;
				CLANG_WARN_DIRECT_OBJC_ISA_USAGE = YES_ERROR;
				CLANG_WARN_DOCUMENTATION_COMMENTS = YES;
				CLANG_WARN_EMPTY_BODY = YES;
				CLANG_WARN_ENUM_CONVERSION = YES;
				CLANG_WARN_INFINITE_RECURSION = YES;
				CLANG_WARN_INT_CONVERSION = YES;
				CLANG_WARN_NON_LITERAL_NULL_CONVERSION = YES;
				CLANG_WARN_OBJC_IMPLICIT_RETAIN_SELF = YES;
				CLANG_WARN_OBJC_LITERAL_CONVERSION = YES;
				CLANG_WARN_OBJC_ROOT_CLASS = YES_ERROR;
				CLANG_WARN_QUOTED_INCLUDE_IN_FRAMEWORK_HEADER = YES;
				CLANG_WARN_RANGE_LOOP_ANALYSIS = YES;
				CLANG_WARN_STRICT_PROTOTYPES = YES;
				CLANG_WARN_SUSPICIOUS_MOVE = YES;
				CLANG_WARN_UNGUARDED_AVAILABILITY = YES_AGGRESSIVE;
				CLANG_WARN_UNREACHABLE_CODE = YES;
				CLANG_WARN__DUPLICATE_METHOD_MATCH = YES;
				COPY_PHASE_STRIP = NO;
				DEBUG_INFORMATION_FORMAT = dwarf;
				ENABLE_STRICT_OBJC_MSGSEND = YES;
				ENABLE_TESTABILITY = YES;
				GCC_C_LANGUAGE_STANDARD = gnu11;
				GCC_DYNAMIC_NO_PIC = NO;
				GCC_NO_COMMON_BLOCKS = YES;
				GCC_OPTIMIZATION_LEVEL = 0;
				GCC_PREPROCESSOR_DEFINITIONS = (
					"DEBUG=1",
					"$(inherited)",
				);
				GCC_WARN_64_TO_32_BIT_CONVERSION = YES;
				GCC_WARN_ABOUT_RETURN_TYPE = YES_ERROR;
				GCC_WARN_UNDECLARED_SELECTOR = YES;
				GCC_WARN_UNINITIALIZED_AUTOS = YES_AGGRESSIVE;
				GCC_WARN_UNUSED_FUNCTION = YES;
				GCC_WARN_UNUSED_VARIABLE = YES;
				IPHONEOS_DEPLOYMENT_TARGET = 16.2;
				MTL_ENABLE_DEBUG_INFO = INCLUDE_SOURCE;
				MTL_FAST_MATH = YES;
				ONLY_ACTIVE_ARCH = YES;
				SDKROOT = iphoneos;
			};
			name = Debug;
		};
		75CA1C43298800A40085F701 /* Release */ = {
			isa = XCBuildConfiguration;
			buildSettings = {
				ALWAYS_SEARCH_USER_PATHS = NO;
				CLANG_ANALYZER_NONNULL = YES;
				CLANG_ANALYZER_NUMBER_OBJECT_CONVERSION = YES_AGGRESSIVE;
				CLANG_CXX_LANGUAGE_STANDARD = "gnu++20";
				CLANG_ENABLE_MODULES = YES;
				CLANG_ENABLE_OBJC_ARC = YES;
				CLANG_ENABLE_OBJC_WEAK = YES;
				CLANG_WARN_BLOCK_CAPTURE_AUTORELEASING = YES;
				CLANG_WARN_BOOL_CONVERSION = YES;
				CLANG_WARN_COMMA = YES;
				CLANG_WARN_CONSTANT_CONVERSION = YES;
				CLANG_WARN_DEPRECATED_OBJC_IMPLEMENTATIONS = YES;
				CLANG_WARN_DIRECT_OBJC_ISA_USAGE = YES_ERROR;
				CLANG_WARN_DOCUMENTATION_COMMENTS = YES;
				CLANG_WARN_EMPTY_BODY = YES;
				CLANG_WARN_ENUM_CONVERSION = YES;
				CLANG_WARN_INFINITE_RECURSION = YES;
				CLANG_WARN_INT_CONVERSION = YES;
				CLANG_WARN_NON_LITERAL_NULL_CONVERSION = YES;
				CLANG_WARN_OBJC_IMPLICIT_RETAIN_SELF = YES;
				CLANG_WARN_OBJC_LITERAL_CONVERSION = YES;
				CLANG_WARN_OBJC_ROOT_CLASS = YES_ERROR;
				CLANG_WARN_QUOTED_INCLUDE_IN_FRAMEWORK_HEADER = YES;
				CLANG_WARN_RANGE_LOOP_ANALYSIS = YES;
				CLANG_WARN_STRICT_PROTOTYPES = YES;
				CLANG_WARN_SUSPICIOUS_MOVE = YES;
				CLANG_WARN_UNGUARDED_AVAILABILITY = YES_AGGRESSIVE;
				CLANG_WARN_UNREACHABLE_CODE = YES;
				CLANG_WARN__DUPLICATE_METHOD_MATCH = YES;
				COPY_PHASE_STRIP = NO;
				DEBUG_INFORMATION_FORMAT = "dwarf-with-dsym";
				ENABLE_NS_ASSERTIONS = NO;
				ENABLE_STRICT_OBJC_MSGSEND = YES;
				GCC_C_LANGUAGE_STANDARD = gnu11;
				GCC_NO_COMMON_BLOCKS = YES;
				GCC_WARN_64_TO_32_BIT_CONVERSION = YES;
				GCC_WARN_ABOUT_RETURN_TYPE = YES_ERROR;
				GCC_WARN_UNDECLARED_SELECTOR = YES;
				GCC_WARN_UNINITIALIZED_AUTOS = YES_AGGRESSIVE;
				GCC_WARN_UNUSED_FUNCTION = YES;
				GCC_WARN_UNUSED_VARIABLE = YES;
				IPHONEOS_DEPLOYMENT_TARGET = 16.2;
				MTL_ENABLE_DEBUG_INFO = NO;
				MTL_FAST_MATH = YES;
				SDKROOT = iphoneos;
				VALIDATE_PRODUCT = YES;
			};
			name = Release;
		};
		75CA1C45298800A40085F701 /* Debug */ = {
			isa = XCBuildConfiguration;
			baseConfigurationReference = 54272A8FFA84EA727F2525CC /* Pods-ZhihuDaily.debug.xcconfig */;
			buildSettings = {
				ASSETCATALOG_COMPILER_APPICON_NAME = AppIcon;
				ASSETCATALOG_COMPILER_GLOBAL_ACCENT_COLOR_NAME = AccentColor;
				CODE_SIGN_STYLE = Automatic;
				CURRENT_PROJECT_VERSION = 1;
				GENERATE_INFOPLIST_FILE = YES;
				INFOPLIST_FILE = ZhihuDaily/Info.plist;
				INFOPLIST_KEY_UIApplicationSupportsIndirectInputEvents = YES;
				INFOPLIST_KEY_UILaunchStoryboardName = LaunchScreen;
				INFOPLIST_KEY_UIMainStoryboardFile = Main;
				INFOPLIST_KEY_UISupportedInterfaceOrientations_iPad = "UIInterfaceOrientationPortrait UIInterfaceOrientationPortraitUpsideDown UIInterfaceOrientationLandscapeLeft UIInterfaceOrientationLandscapeRight";
				INFOPLIST_KEY_UISupportedInterfaceOrientations_iPhone = "UIInterfaceOrientationPortrait UIInterfaceOrientationLandscapeLeft UIInterfaceOrientationLandscapeRight";
				LD_RUNPATH_SEARCH_PATHS = (
					"$(inherited)",
					"@executable_path/Frameworks",
				);
				MARKETING_VERSION = 1.0;
				PRODUCT_BUNDLE_IDENTIFIER = "Jinjia-Xu.ZhihuDaily";
				PRODUCT_NAME = "$(TARGET_NAME)";
				SWIFT_EMIT_LOC_STRINGS = YES;
				TARGETED_DEVICE_FAMILY = "1,2";
			};
			name = Debug;
		};
		75CA1C46298800A40085F701 /* Release */ = {
			isa = XCBuildConfiguration;
			baseConfigurationReference = E5E74A7C1D652F6E3F0BFE66 /* Pods-ZhihuDaily.release.xcconfig */;
			buildSettings = {
				ASSETCATALOG_COMPILER_APPICON_NAME = AppIcon;
				ASSETCATALOG_COMPILER_GLOBAL_ACCENT_COLOR_NAME = AccentColor;
				CODE_SIGN_STYLE = Automatic;
				CURRENT_PROJECT_VERSION = 1;
				GENERATE_INFOPLIST_FILE = YES;
				INFOPLIST_FILE = ZhihuDaily/Info.plist;
				INFOPLIST_KEY_UIApplicationSupportsIndirectInputEvents = YES;
				INFOPLIST_KEY_UILaunchStoryboardName = LaunchScreen;
				INFOPLIST_KEY_UIMainStoryboardFile = Main;
				INFOPLIST_KEY_UISupportedInterfaceOrientations_iPad = "UIInterfaceOrientationPortrait UIInterfaceOrientationPortraitUpsideDown UIInterfaceOrientationLandscapeLeft UIInterfaceOrientationLandscapeRight";
				INFOPLIST_KEY_UISupportedInterfaceOrientations_iPhone = "UIInterfaceOrientationPortrait UIInterfaceOrientationLandscapeLeft UIInterfaceOrientationLandscapeRight";
				LD_RUNPATH_SEARCH_PATHS = (
					"$(inherited)",
					"@executable_path/Frameworks",
				);
				MARKETING_VERSION = 1.0;
				PRODUCT_BUNDLE_IDENTIFIER = "Jinjia-Xu.ZhihuDaily";
				PRODUCT_NAME = "$(TARGET_NAME)";
				SWIFT_EMIT_LOC_STRINGS = YES;
				TARGETED_DEVICE_FAMILY = "1,2";
			};
			name = Release;
		};
/* End XCBuildConfiguration section */

/* Begin XCConfigurationList section */
		75CA1C26298800A40085F701 /* Build configuration list for PBXProject "ZhihuDaily" */ = {
			isa = XCConfigurationList;
			buildConfigurations = (
				75CA1C42298800A40085F701 /* Debug */,
				75CA1C43298800A40085F701 /* Release */,
			);
			defaultConfigurationIsVisible = 0;
			defaultConfigurationName = Release;
		};
		75CA1C44298800A40085F701 /* Build configuration list for PBXNativeTarget "ZhihuDaily" */ = {
			isa = XCConfigurationList;
			buildConfigurations = (
				75CA1C45298800A40085F701 /* Debug */,
				75CA1C46298800A40085F701 /* Release */,
			);
			defaultConfigurationIsVisible = 0;
			defaultConfigurationName = Release;
		};
/* End XCConfigurationList section */
	};
	rootObject = 75CA1C23298800A40085F701 /* Project object */;
}
